
Microsoft Visual Studio Solution File, Format Version 12.00
# Visual Studio Version 16
VisualStudioVersion = 16.0.33927.289
MinimumVisualStudioVersion = 10.0.40219.1
Project("{FAE04EC0-301F-11D3-BF4B-00C04F79EFBC}") = "YunMusicBot", "YunMusicBot.csproj", "{C1D9A642-CE23-4205-8872-019F7EE5EF8F}"
EndProject
Project("{9A19103F-16F7-4668-BE54-9A1E7A4F7556}") = "TSLib", "G:\TS3DEV\TS3AudioBot-master\TSLib\TSLib.csproj", "{0773F827-8867-4C8D-931E-42EB41944BCA}"
EndProject
Project("{9A19103F-16F7-4668-BE54-9A1E7A4F7556}") = "TS3AudioBot", "G:\TS3DEV\TS3AudioBot-master\TS3AudioBot\TS3AudioBot.csproj", "{C96099FC-3823-4A5E-B2C5-9C1421F44F7A}"
EndProject
Global
	GlobalSection(SolutionConfigurationPlatforms) = preSolution
		Debug|Any CPU = Debug|Any CPU
		Release|Any CPU = Release|Any CPU
	EndGlobalSection
	GlobalSection(ProjectConfigurationPlatforms) = postSolution
		{C1D9A642-CE23-4205-8872-019F7EE5EF8F}.Debug|Any CPU.ActiveCfg = Debug|Any CPU
		{C1D9A642-CE23-4205-8872-019F7EE5EF8F}.Debug|Any CPU.Build.0 = Debug|Any CPU
		{C1D9A642-CE23-4205-8872-019F7EE5EF8F}.Release|Any CPU.ActiveCfg = Release|Any CPU
		{C1D9A642-CE23-4205-8872-019F7EE5EF8F}.Release|Any CPU.Build.0 = Release|Any CPU
		{0773F827-8867-4C8D-931E-42EB41944BCA}.Debug|Any CPU.ActiveCfg = Debug|Any CPU
		{0773F827-8867-4C8D-931E-42EB41944BCA}.Debug|Any CPU.Build.0 = Debug|Any CPU
		{0773F827-8867-4C8D-931E-42EB41944BCA}.Release|Any CPU.ActiveCfg = Release|Any CPU
		{0773F827-8867-4C8D-931E-42EB41944BCA}.Release|Any CPU.Build.0 = Release|Any CPU
		{C96099FC-3823-4A5E-B2C5-9C1421F44F7A}.Debug|Any CPU.ActiveCfg = Debug|Any CPU
		{C96099FC-3823-4A5E-B2C5-9C1421F44F7A}.Debug|Any CPU.Build.0 = Debug|Any CPU
		{C96099FC-3823-4A5E-B2C5-9C1421F44F7A}.Release|Any CPU.ActiveCfg = Release|Any CPU
		{C96099FC-3823-4A5E-B2C5-9C1421F44F7A}.Release|Any CPU.Build.0 = Release|Any CPU
	EndGlobalSection
	GlobalSection(SolutionProperties) = preSolution
		HideSolutionNode = FALSE
	EndGlobalSection
	GlobalSection(ExtensibilityGlobals) = postSolution
		SolutionGuid = {C9520665-152D-4E6D-8F31-BE76EA9029B5}
	EndGlobalSection
EndGlobal
