
Microsoft Visual Studio Solution File, Format Version 12.00
# Visual Studio Version 17
VisualStudioVersion = 17.2.32519.379
MinimumVisualStudioVersion = 10.0.40219.1
Project("{9A19103F-16F7-4668-BE54-9A1E7A4F7556}") = "YunPlugin", "YunPlugin.csproj", "{D3D9037A-AD7B-4C9E-9FC0-CA330D8776BD}"
EndProject
Global
	GlobalSection(SolutionConfigurationPlatforms) = preSolution
		Debug|Any CPU = Debug|Any CPU
		Release|Any CPU = Release|Any CPU
	EndGlobalSection
	GlobalSection(ProjectConfigurationPlatforms) = postSolution
		{D3D9037A-AD7B-4C9E-9FC0-CA330D8776BD}.Debug|Any CPU.ActiveCfg = Debug|Any CPU
		{D3D9037A-AD7B-4C9E-9FC0-CA330D8776BD}.Debug|Any CPU.Build.0 = Debug|Any CPU
		{D3D9037A-AD7B-4C9E-9FC0-CA330D8776BD}.Release|Any CPU.ActiveCfg = Release|Any CPU
		{D3D9037A-AD7B-4C9E-9FC0-CA330D8776BD}.Release|Any CPU.Build.0 = Release|Any CPU
	EndGlobalSection
	GlobalSection(SolutionProperties) = preSolution
		HideSolutionNode = FALSE
	EndGlobalSection
	GlobalSection(ExtensibilityGlobals) = postSolution
		SolutionGuid = {86AB0697-D2EC-474E-8C8F-67F25BEDB10E}
	EndGlobalSection
EndGlobal
